
Microsoft Visual Studio Solution File, Format Version 12.00
# Visual Studio Version 16
VisualStudioVersion = 16.0.31515.178
MinimumVisualStudioVersion = 10.0.40219.1
Project("{2150E333-8FDC-42A3-9474-1A3956D46DE8}") = "Solution Items", "Solution Items", "{A55B6A32-B20B-4E0A-AB1F-831ACF022A7A}"
EndProject
Project("{FAE04EC0-301F-11D3-BF4B-00C04F79EFBC}") = "cs_build_scan", "cs_build_scan\cs_build_scan.csproj", "{7264F8BF-F2E2-44B6-BFAA-327FA1279D56}"
EndProject
Project("{FAE04EC0-301F-11D3-BF4B-00C04F79EFBC}") = "cs_viewer", "cs_viewer\cs_viewer\cs_viewer.csproj", "{F78129DF-54FD-47CD-8A83-74AF4BEA092B}"
EndProject
Project("{9A19103F-16F7-4668-BE54-9A1E7A4F7556}") = "Scanner", "Scanner\Scanner.csproj", "{89D6EA0A-FD2C-4CC7-B598-FC083F8ABDF2}"
EndProject
Project("{9A19103F-16F7-4668-BE54-9A1E7A4F7556}") = "WpfCoreTester", "WpfCoreTester\WpfCoreTester.csproj", "{33334392-C656-4BF9-9053-B94E087A15FD}"
EndProject
Project("{9A19103F-16F7-4668-BE54-9A1E7A4F7556}") = "imgcli", "imgcli\imgcli.csproj", "{3E55F3F0-78FB-402D-8159-3540F025DD37}"
EndProject
Project("{9A19103F-16F7-4668-BE54-9A1E7A4F7556}") = "ScannerLib", "ScannerLib\ScannerLib.csproj", "{61035301-71FF-48FE-AD52-0DB264935959}"
EndProject
Global
	GlobalSection(SolutionConfigurationPlatforms) = preSolution
		Debug|Any CPU = Debug|Any CPU
		Release|Any CPU = Release|Any CPU
	EndGlobalSection
	GlobalSection(ProjectConfigurationPlatforms) = postSolution
		{7264F8BF-F2E2-44B6-BFAA-327FA1279D56}.Debug|Any CPU.ActiveCfg = Debug|Any CPU
		{7264F8BF-F2E2-44B6-BFAA-327FA1279D56}.Debug|Any CPU.Build.0 = Debug|Any CPU
		{7264F8BF-F2E2-44B6-BFAA-327FA1279D56}.Release|Any CPU.ActiveCfg = Release|Any CPU
		{7264F8BF-F2E2-44B6-BFAA-327FA1279D56}.Release|Any CPU.Build.0 = Release|Any CPU
		{F78129DF-54FD-47CD-8A83-74AF4BEA092B}.Debug|Any CPU.ActiveCfg = Debug|Any CPU
		{F78129DF-54FD-47CD-8A83-74AF4BEA092B}.Debug|Any CPU.Build.0 = Debug|Any CPU
		{F78129DF-54FD-47CD-8A83-74AF4BEA092B}.Release|Any CPU.ActiveCfg = Release|Any CPU
		{F78129DF-54FD-47CD-8A83-74AF4BEA092B}.Release|Any CPU.Build.0 = Release|Any CPU
		{89D6EA0A-FD2C-4CC7-B598-FC083F8ABDF2}.Debug|Any CPU.ActiveCfg = Debug|Any CPU
		{89D6EA0A-FD2C-4CC7-B598-FC083F8ABDF2}.Debug|Any CPU.Build.0 = Debug|Any CPU
		{89D6EA0A-FD2C-4CC7-B598-FC083F8ABDF2}.Release|Any CPU.ActiveCfg = Release|Any CPU
		{89D6EA0A-FD2C-4CC7-B598-FC083F8ABDF2}.Release|Any CPU.Build.0 = Release|Any CPU
		{33334392-C656-4BF9-9053-B94E087A15FD}.Debug|Any CPU.ActiveCfg = Debug|Any CPU
		{33334392-C656-4BF9-9053-B94E087A15FD}.Debug|Any CPU.Build.0 = Debug|Any CPU
		{33334392-C656-4BF9-9053-B94E087A15FD}.Release|Any CPU.ActiveCfg = Release|Any CPU
		{33334392-C656-4BF9-9053-B94E087A15FD}.Release|Any CPU.Build.0 = Release|Any CPU
		{3E55F3F0-78FB-402D-8159-3540F025DD37}.Debug|Any CPU.ActiveCfg = Debug|Any CPU
		{3E55F3F0-78FB-402D-8159-3540F025DD37}.Debug|Any CPU.Build.0 = Debug|Any CPU
		{3E55F3F0-78FB-402D-8159-3540F025DD37}.Release|Any CPU.ActiveCfg = Release|Any CPU
		{3E55F3F0-78FB-402D-8159-3540F025DD37}.Release|Any CPU.Build.0 = Release|Any CPU
		{61035301-71FF-48FE-AD52-0DB264935959}.Debug|Any CPU.ActiveCfg = Debug|Any CPU
		{61035301-71FF-48FE-AD52-0DB264935959}.Debug|Any CPU.Build.0 = Debug|Any CPU
		{61035301-71FF-48FE-AD52-0DB264935959}.Release|Any CPU.ActiveCfg = Release|Any CPU
		{61035301-71FF-48FE-AD52-0DB264935959}.Release|Any CPU.Build.0 = Release|Any CPU
	EndGlobalSection
	GlobalSection(SolutionProperties) = preSolution
		HideSolutionNode = FALSE
	EndGlobalSection
	GlobalSection(ExtensibilityGlobals) = postSolution
		SolutionGuid = {19438B69-43EA-40C1-B4A5-F42996AB9CEB}
	EndGlobalSection
EndGlobal
